// !$*UTF8*$!
{
	archiveVersion = 1;
	classes = {
	};
	objectVersion = 46;
	objects = {

/* Begin PBXBuildFile section */
		67EDF43519674C2F0002806E /* Cocoa.framework in Frameworks */ = {isa = PBXBuildFile; fileRef = 67EDF43419674C2F0002806E /* Cocoa.framework */; };
		67EDF43F19674C2F0002806E /* InfoPlist.strings in Resources */ = {isa = PBXBuildFile; fileRef = 67EDF43D19674C2F0002806E /* InfoPlist.strings */; };
		67EDF44119674C2F0002806E /* main.m in Sources */ = {isa = PBXBuildFile; fileRef = 67EDF44019674C2F0002806E /* main.m */; };
		67EDF44519674C2F0002806E /* Credits.rtf in Resources */ = {isa = PBXBuildFile; fileRef = 67EDF44319674C2F0002806E /* Credits.rtf */; };
		67EDF44819674C2F0002806E /* JGAppDelegate.m in Sources */ = {isa = PBXBuildFile; fileRef = 67EDF44719674C2F0002806E /* JGAppDelegate.m */; };
		67EDF44B19674C2F0002806E /* MainMenu.xib in Resources */ = {isa = PBXBuildFile; fileRef = 67EDF44919674C2F0002806E /* MainMenu.xib */; };
		67EDF44D19674C2F0002806E /* Images.xcassets in Resources */ = {isa = PBXBuildFile; fileRef = 67EDF44C19674C2F0002806E /* Images.xcassets */; };
		67EDF45419674C2F0002806E /* XCTest.framework in Frameworks */ = {isa = PBXBuildFile; fileRef = 67EDF45319674C2F0002806E /* XCTest.framework */; };
		67EDF45519674C2F0002806E /* Cocoa.framework in Frameworks */ = {isa = PBXBuildFile; fileRef = 67EDF43419674C2F0002806E /* Cocoa.framework */; };
		67EDF45D19674C300002806E /* InfoPlist.strings in Resources */ = {isa = PBXBuildFile; fileRef = 67EDF45B19674C300002806E /* InfoPlist.strings */; };
		67EDF45F19674C300002806E /* ShutdownTests.m in Sources */ = {isa = PBXBuildFile; fileRef = 67EDF45E19674C300002806E /* ShutdownTests.m */; };
/* End PBXBuildFile section */

/* Begin PBXContainerItemProxy section */
		67EDF45619674C2F0002806E /* PBXContainerItemProxy */ = {
			isa = PBXContainerItemProxy;
			containerPortal = 67EDF42919674C2F0002806E /* Project object */;
			proxyType = 1;
			remoteGlobalIDString = 67EDF43019674C2F0002806E;
			remoteInfo = Shutdown;
		};
/* End PBXContainerItemProxy section */

/* Begin PBXFileReference section */
		67EDF43119674C2F0002806E /* Shutdown.app */ = {isa = PBXFileReference; explicitFileType = wrapper.application; includeInIndex = 0; path = Shutdown.app; sourceTree = BUILT_PRODUCTS_DIR; };
		67EDF43419674C2F0002806E /* Cocoa.framework */ = {isa = PBXFileReference; lastKnownFileType = wrapper.framework; name = Cocoa.framework; path = System/Library/Frameworks/Cocoa.framework; sourceTree = SDKROOT; };
		67EDF43719674C2F0002806E /* AppKit.framework */ = {isa = PBXFileReference; lastKnownFileType = wrapper.framework; name = AppKit.framework; path = System/Library/Frameworks/AppKit.framework; sourceTree = SDKROOT; };
		67EDF43819674C2F0002806E /* CoreData.framework */ = {isa = PBXFileReference; lastKnownFileType = wrapper.framework; name = CoreData.framework; path = System/Library/Frameworks/CoreData.framework; sourceTree = SDKROOT; };
		67EDF43919674C2F0002806E /* Foundation.framework */ = {isa = PBXFileReference; lastKnownFileType = wrapper.framework; name = Foundation.framework; path = System/Library/Frameworks/Foundation.framework; sourceTree = SDKROOT; };
		67EDF43C19674C2F0002806E /* Shutdown-Info.plist */ = {isa = PBXFileReference; lastKnownFileType = text.plist.xml; path = "Shutdown-Info.plist"; sourceTree = "<group>"; };
		67EDF43E19674C2F0002806E /* en */ = {isa = PBXFileReference; lastKnownFileType = text.plist.strings; name = en; path = en.lproj/InfoPlist.strings; sourceTree = "<group>"; };
		67EDF44019674C2F0002806E /* main.m */ = {isa = PBXFileReference; lastKnownFileType = sourcecode.c.objc; path = main.m; sourceTree = "<group>"; };
		67EDF44219674C2F0002806E /* Shutdown-Prefix.pch */ = {isa = PBXFileReference; lastKnownFileType = sourcecode.c.h; path = "Shutdown-Prefix.pch"; sourceTree = "<group>"; };
		67EDF44419674C2F0002806E /* en */ = {isa = PBXFileReference; lastKnownFileType = text.rtf; name = en; path = en.lproj/Credits.rtf; sourceTree = "<group>"; };
		67EDF44619674C2F0002806E /* JGAppDelegate.h */ = {isa = PBXFileReference; lastKnownFileType = sourcecode.c.h; path = JGAppDelegate.h; sourceTree = "<group>"; };
		67EDF44719674C2F0002806E /* JGAppDelegate.m */ = {isa = PBXFileReference; lastKnownFileType = sourcecode.c.objc; path = JGAppDelegate.m; sourceTree = "<group>"; };
		67EDF44A19674C2F0002806E /* Base */ = {isa = PBXFileReference; lastKnownFileType = file.xib; name = Base; path = Base.lproj/MainMenu.xib; sourceTree = "<group>"; };
		67EDF44C19674C2F0002806E /* Images.xcassets */ = {isa = PBXFileReference; lastKnownFileType = folder.assetcatalog; path = Images.xcassets; sourceTree = "<group>"; };
		67EDF45219674C2F0002806E /* ShutdownTests.xctest */ = {isa = PBXFileReference; explicitFileType = wrapper.cfbundle; includeInIndex = 0; path = ShutdownTests.xctest; sourceTree = BUILT_PRODUCTS_DIR; };
		67EDF45319674C2F0002806E /* XCTest.framework */ = {isa = PBXFileReference; lastKnownFileType = wrapper.framework; name = XCTest.framework; path = Library/Frameworks/XCTest.framework; sourceTree = DEVELOPER_DIR; };
		67EDF45A19674C2F0002806E /* ShutdownTests-Info.plist */ = {isa = PBXFileReference; lastKnownFileType = text.plist.xml; path = "ShutdownTests-Info.plist"; sourceTree = "<group>"; };
		67EDF45C19674C300002806E /* en */ = {isa = PBXFileReference; lastKnownFileType = text.plist.strings; name = en; path = en.lproj/InfoPlist.strings; sourceTree = "<group>"; };
		67EDF45E19674C300002806E /* ShutdownTests.m */ = {isa = PBXFileReference; lastKnownFileType = sourcecode.c.objc; path = ShutdownTests.m; sourceTree = "<group>"; };
/* End PBXFileReference section */

/* Begin PBXFrameworksBuildPhase section */
		67EDF42E19674C2F0002806E /* Frameworks */ = {
			isa = PBXFrameworksBuildPhase;
			buildActionMask = 2147483647;
			files = (
				67EDF43519674C2F0002806E /* Cocoa.framework in Frameworks */,
			);
			runOnlyForDeploymentPostprocessing = 0;
		};
		67EDF44F19674C2F0002806E /* Frameworks */ = {
			isa = PBXFrameworksBuildPhase;
			buildActionMask = 2147483647;
			files = (
				67EDF45519674C2F0002806E /* Cocoa.framework in Frameworks */,
				67EDF45419674C2F0002806E /* XCTest.framework in Frameworks */,
			);
			runOnlyForDeploymentPostprocessing = 0;
		};
/* End PBXFrameworksBuildPhase section */

/* Begin PBXGroup section */
		67EDF42819674C2F0002806E = {
			isa = PBXGroup;
			children = (
				67EDF43A19674C2F0002806E /* Shutdown */,
				67EDF45819674C2F0002806E /* ShutdownTests */,
				67EDF43319674C2F0002806E /* Frameworks */,
				67EDF43219674C2F0002806E /* Products */,
			);
			sourceTree = "<group>";
		};
		67EDF43219674C2F0002806E /* Products */ = {
			isa = PBXGroup;
			children = (
				67EDF43119674C2F0002806E /* Shutdown.app */,
				67EDF45219674C2F0002806E /* ShutdownTests.xctest */,
			);
			name = Products;
			sourceTree = "<group>";
		};
		67EDF43319674C2F0002806E /* Frameworks */ = {
			isa = PBXGroup;
			children = (
				67EDF43419674C2F0002806E /* Cocoa.framework */,
				67EDF45319674C2F0002806E /* XCTest.framework */,
				67EDF43619674C2F0002806E /* Other Frameworks */,
			);
			name = Frameworks;
			sourceTree = "<group>";
		};
		67EDF43619674C2F0002806E /* Other Frameworks */ = {
			isa = PBXGroup;
			children = (
				67EDF43719674C2F0002806E /* AppKit.framework */,
				67EDF43819674C2F0002806E /* CoreData.framework */,
				67EDF43919674C2F0002806E /* Foundation.framework */,
			);
			name = "Other Frameworks";
			sourceTree = "<group>";
		};
		67EDF43A19674C2F0002806E /* Shutdown */ = {
			isa = PBXGroup;
			children = (
				67EDF44619674C2F0002806E /* JGAppDelegate.h */,
				67EDF44719674C2F0002806E /* JGAppDelegate.m */,
				67EDF44919674C2F0002806E /* MainMenu.xib */,
				67EDF44C19674C2F0002806E /* Images.xcassets */,
				67EDF43B19674C2F0002806E /* Supporting Files */,
			);
			path = Shutdown;
			sourceTree = "<group>";
		};
		67EDF43B19674C2F0002806E /* Supporting Files */ = {
			isa = PBXGroup;
			children = (
				67EDF43C19674C2F0002806E /* Shutdown-Info.plist */,
				67EDF43D19674C2F0002806E /* InfoPlist.strings */,
				67EDF44019674C2F0002806E /* main.m */,
				67EDF44219674C2F0002806E /* Shutdown-Prefix.pch */,
				67EDF44319674C2F0002806E /* Credits.rtf */,
			);
			name = "Supporting Files";
			sourceTree = "<group>";
		};
		67EDF45819674C2F0002806E /* ShutdownTests */ = {
			isa = PBXGroup;
			children = (
				67EDF45E19674C300002806E /* ShutdownTests.m */,
				67EDF45919674C2F0002806E /* Supporting Files */,
			);
			path = ShutdownTests;
			sourceTree = "<group>";
		};
		67EDF45919674C2F0002806E /* Supporting Files */ = {
			isa = PBXGroup;
			children = (
				67EDF45A19674C2F0002806E /* ShutdownTests-Info.plist */,
				67EDF45B19674C300002806E /* InfoPlist.strings */,
			);
			name = "Supporting Files";
			sourceTree = "<group>";
		};
/* End PBXGroup section */

/* Begin PBXNativeTarget section */
		67EDF43019674C2F0002806E /* Shutdown */ = {
			isa = PBXNativeTarget;
			buildConfigurationList = 67EDF46219674C300002806E /* Build configuration list for PBXNativeTarget "Shutdown" */;
			buildPhases = (
				67EDF42D19674C2F0002806E /* Sources */,
				67EDF42E19674C2F0002806E /* Frameworks */,
				67EDF42F19674C2F0002806E /* Resources */,
			);
			buildRules = (
			);
			dependencies = (
			);
			name = Shutdown;
			productName = Shutdown;
			productReference = 67EDF43119674C2F0002806E /* Shutdown.app */;
			productType = "com.apple.product-type.application";
		};
		67EDF45119674C2F0002806E /* ShutdownTests */ = {
			isa = PBXNativeTarget;
			buildConfigurationList = 67EDF46519674C300002806E /* Build configuration list for PBXNativeTarget "ShutdownTests" */;
			buildPhases = (
				67EDF44E19674C2F0002806E /* Sources */,
				67EDF44F19674C2F0002806E /* Frameworks */,
				67EDF45019674C2F0002806E /* Resources */,
			);
			buildRules = (
			);
			dependencies = (
				67EDF45719674C2F0002806E /* PBXTargetDependency */,
			);
			name = ShutdownTests;
			productName = ShutdownTests;
			productReference = 67EDF45219674C2F0002806E /* ShutdownTests.xctest */;
			productType = "com.apple.product-type.bundle.unit-test";
		};
/* End PBXNativeTarget section */

/* Begin PBXProject section */
		67EDF42919674C2F0002806E /* Project object */ = {
			isa = PBXProject;
			attributes = {
				CLASSPREFIX = JG;
				LastUpgradeCheck = 0510;
				ORGANIZATIONNAME = "Synaptic Mishap";
				TargetAttributes = {
					67EDF45119674C2F0002806E = {
						TestTargetID = 67EDF43019674C2F0002806E;
					};
				};
			};
			buildConfigurationList = 67EDF42C19674C2F0002806E /* Build configuration list for PBXProject "Shutdown" */;
			compatibilityVersion = "Xcode 3.2";
			developmentRegion = English;
			hasScannedForEncodings = 0;
			knownRegions = (
				en,
				Base,
			);
			mainGroup = 67EDF42819674C2F0002806E;
			productRefGroup = 67EDF43219674C2F0002806E /* Products */;
			projectDirPath = "";
			projectRoot = "";
			targets = (
				67EDF43019674C2F0002806E /* Shutdown */,
				67EDF45119674C2F0002806E /* ShutdownTests */,
			);
		};
/* End PBXProject section */

/* Begin PBXResourcesBuildPhase section */
		67EDF42F19674C2F0002806E /* Resources */ = {
			isa = PBXResourcesBuildPhase;
			buildActionMask = 2147483647;
			files = (
				67EDF43F19674C2F0002806E /* InfoPlist.strings in Resources */,
				67EDF44D19674C2F0002806E /* Images.xcassets in Resources */,
				67EDF44519674C2F0002806E /* Credits.rtf in Resources */,
				67EDF44B19674C2F0002806E /* MainMenu.xib in Resources */,
			);
			runOnlyForDeploymentPostprocessing = 0;
		};
		67EDF45019674C2F0002806E /* Resources */ = {
			isa = PBXResourcesBuildPhase;
			buildActionMask = 2147483647;
			files = (
				67EDF45D19674C300002806E /* InfoPlist.strings in Resources */,
			);
			runOnlyForDeploymentPostprocessing = 0;
		};
/* End PBXResourcesBuildPhase section */

/* Begin PBXSourcesBuildPhase section */
		67EDF42D19674C2F0002806E /* Sources */ = {
			isa = PBXSourcesBuildPhase;
			buildActionMask = 2147483647;
			files = (
				67EDF44119674C2F0002806E /* main.m in Sources */,
				67EDF44819674C2F0002806E /* JGAppDelegate.m in Sources */,
			);
			runOnlyForDeploymentPostprocessing = 0;
		};
		67EDF44E19674C2F0002806E /* Sources */ = {
			isa = PBXSourcesBuildPhase;
			buildActionMask = 2147483647;
			files = (
				67EDF45F19674C300002806E /* ShutdownTests.m in Sources */,
			);
			runOnlyForDeploymentPostprocessing = 0;
		};
/* End PBXSourcesBuildPhase section */

/* Begin PBXTargetDependency section */
		67EDF45719674C2F0002806E /* PBXTargetDependency */ = {
			isa = PBXTargetDependency;
			target = 67EDF43019674C2F0002806E /* Shutdown */;
			targetProxy = 67EDF45619674C2F0002806E /* PBXContainerItemProxy */;
		};
/* End PBXTargetDependency section */

/* Begin PBXVariantGroup section */
		67EDF43D19674C2F0002806E /* InfoPlist.strings */ = {
			isa = PBXVariantGroup;
			children = (
				67EDF43E19674C2F0002806E /* en */,
			);
			name = InfoPlist.strings;
			sourceTree = "<group>";
		};
		67EDF44319674C2F0002806E /* Credits.rtf */ = {
			isa = PBXVariantGroup;
			children = (
				67EDF44419674C2F0002806E /* en */,
			);
			name = Credits.rtf;
			sourceTree = "<group>";
		};
		67EDF44919674C2F0002806E /* MainMenu.xib */ = {
			isa = PBXVariantGroup;
			children = (
				67EDF44A19674C2F0002806E /* Base */,
			);
			name = MainMenu.xib;
			sourceTree = "<group>";
		};
		67EDF45B19674C300002806E /* InfoPlist.strings */ = {
			isa = PBXVariantGroup;
			children = (
				67EDF45C19674C300002806E /* en */,
			);
			name = InfoPlist.strings;
			sourceTree = "<group>";
		};
/* End PBXVariantGroup section */

/* Begin XCBuildConfiguration section */
		67EDF46019674C300002806E /* Debug */ = {
			isa = XCBuildConfiguration;
			buildSettings = {
				ALWAYS_SEARCH_USER_PATHS = NO;
				CLANG_CXX_LANGUAGE_STANDARD = "gnu++0x";
				CLANG_CXX_LIBRARY = "libc++";
				CLANG_ENABLE_MODULES = YES;
				CLANG_ENABLE_OBJC_ARC = YES;
				CLANG_WARN_BOOL_CONVERSION = YES;
				CLANG_WARN_CONSTANT_CONVERSION = YES;
				CLANG_WARN_DIRECT_OBJC_ISA_USAGE = YES_ERROR;
				CLANG_WARN_EMPTY_BODY = YES;
				CLANG_WARN_ENUM_CONVERSION = YES;
				CLANG_WARN_INT_CONVERSION = YES;
				CLANG_WARN_OBJC_ROOT_CLASS = YES_ERROR;
				CLANG_WARN__DUPLICATE_METHOD_MATCH = YES;
				COPY_PHASE_STRIP = NO;
				GCC_C_LANGUAGE_STANDARD = gnu99;
				GCC_DYNAMIC_NO_PIC = NO;
				GCC_ENABLE_OBJC_EXCEPTIONS = YES;
				GCC_OPTIMIZATION_LEVEL = 0;
				GCC_PREPROCESSOR_DEFINITIONS = (
					"DEBUG=1",
					"$(inherited)",
				);
				GCC_SYMBOLS_PRIVATE_EXTERN = NO;
				GCC_WARN_64_TO_32_BIT_CONVERSION = YES;
				GCC_WARN_ABOUT_RETURN_TYPE = YES_ERROR;
				GCC_WARN_UNDECLARED_SELECTOR = YES;
				GCC_WARN_UNINITIALIZED_AUTOS = YES_AGGRESSIVE;
				GCC_WARN_UNUSED_FUNCTION = YES;
				GCC_WARN_UNUSED_VARIABLE = YES;
				MACOSX_DEPLOYMENT_TARGET = 10.8;
				ONLY_ACTIVE_ARCH = YES;
				SDKROOT = macosx10.8;
			};
			name = Debug;
		};
		67EDF46119674C300002806E /* Release */ = {
			isa = XCBuildConfiguration;
			buildSettings = {
				ALWAYS_SEARCH_USER_PATHS = NO;
				CLANG_CXX_LANGUAGE_STANDARD = "gnu++0x";
				CLANG_CXX_LIBRARY = "libc++";
				CLANG_ENABLE_MODULES = YES;
				CLANG_ENABLE_OBJC_ARC = YES;
				CLANG_WARN_BOOL_CONVERSION = YES;
				CLANG_WARN_CONSTANT_CONVERSION = YES;
				CLANG_WARN_DIRECT_OBJC_ISA_USAGE = YES_ERROR;
				CLANG_WARN_EMPTY_BODY = YES;
				CLANG_WARN_ENUM_CONVERSION = YES;
				CLANG_WARN_INT_CONVERSION = YES;
				CLANG_WARN_OBJC_ROOT_CLASS = YES_ERROR;
				CLANG_WARN__DUPLICATE_METHOD_MATCH = YES;
				COPY_PHASE_STRIP = YES;
				DEBUG_INFORMATION_FORMAT = "dwarf-with-dsym";
				ENABLE_NS_ASSERTIONS = NO;
				GCC_C_LANGUAGE_STANDARD = gnu99;
				GCC_ENABLE_OBJC_EXCEPTIONS = YES;
				GCC_WARN_64_TO_32_BIT_CONVERSION = YES;
				GCC_WARN_ABOUT_RETURN_TYPE = YES_ERROR;
				GCC_WARN_UNDECLARED_SELECTOR = YES;
				GCC_WARN_UNINITIALIZED_AUTOS = YES_AGGRESSIVE;
				GCC_WARN_UNUSED_FUNCTION = YES;
				GCC_WARN_UNUSED_VARIABLE = YES;
				MACOSX_DEPLOYMENT_TARGET = 10.8;
				SDKROOT = macosx10.8;
			};
			name = Release;
		};
		67EDF46319674C300002806E /* Debug */ = {
			isa = XCBuildConfiguration;
			buildSettings = {
				ASSETCATALOG_COMPILER_APPICON_NAME = AppIcon;
				COMBINE_HIDPI_IMAGES = YES;
				GCC_PRECOMPILE_PREFIX_HEADER = YES;
				GCC_PREFIX_HEADER = "Shutdown/Shutdown-Prefix.pch";
				INFOPLIST_FILE = "Shutdown/Shutdown-Info.plist";
				PRODUCT_NAME = "$(TARGET_NAME)";
				WRAPPER_EXTENSION = app;
			};
			name = Debug;
		};
		67EDF46419674C300002806E /* Release */ = {
			isa = XCBuildConfiguration;
			buildSettings = {
				ASSETCATALOG_COMPILER_APPICON_NAME = AppIcon;
				COMBINE_HIDPI_IMAGES = YES;
				GCC_PRECOMPILE_PREFIX_HEADER = YES;
				GCC_PREFIX_HEADER = "Shutdown/Shutdown-Prefix.pch";
				INFOPLIST_FILE = "Shutdown/Shutdown-Info.plist";
				PRODUCT_NAME = "$(TARGET_NAME)";
				WRAPPER_EXTENSION = app;
			};
			name = Release;
		};
		67EDF46619674C300002806E /* Debug */ = {
			isa = XCBuildConfiguration;
			buildSettings = {
				BUNDLE_LOADER = "$(BUILT_PRODUCTS_DIR)/Shutdown.app/Contents/MacOS/Shutdown";
				COMBINE_HIDPI_IMAGES = YES;
				FRAMEWORK_SEARCH_PATHS = (
					"$(DEVELOPER_FRAMEWORKS_DIR)",
					"$(inherited)",
				);
				GCC_PRECOMPILE_PREFIX_HEADER = YES;
				GCC_PREFIX_HEADER = "Shutdown/Shutdown-Prefix.pch";
				GCC_PREPROCESSOR_DEFINITIONS = (
					"DEBUG=1",
					"$(inherited)",
				);
				INFOPLIST_FILE = "ShutdownTests/ShutdownTests-Info.plist";
				PRODUCT_NAME = "$(TARGET_NAME)";
				TEST_HOST = "$(BUNDLE_LOADER)";
				WRAPPER_EXTENSION = xctest;
			};
			name = Debug;
		};
		67EDF46719674C300002806E /* Release */ = {
			isa = XCBuildConfiguration;
			buildSettings = {
				BUNDLE_LOADER = "$(BUILT_PRODUCTS_DIR)/Shutdown.app/Contents/MacOS/Shutdown";
				COMBINE_HIDPI_IMAGES = YES;
				FRAMEWORK_SEARCH_PATHS = (
					"$(DEVELOPER_FRAMEWORKS_DIR)",
					"$(inherited)",
				);
				GCC_PRECOMPILE_PREFIX_HEADER = YES;
				GCC_PREFIX_HEADER = "Shutdown/Shutdown-Prefix.pch";
				INFOPLIST_FILE = "ShutdownTests/ShutdownTests-Info.plist";
				PRODUCT_NAME = "$(TARGET_NAME)";
				TEST_HOST = "$(BUNDLE_LOADER)";
				WRAPPER_EXTENSION = xctest;
			};
			name = Release;
		};
/* End XCBuildConfiguration section */

/* Begin XCConfigurationList section */
		67EDF42C19674C2F0002806E /* Build configuration list for PBXProject "Shutdown" */ = {
			isa = XCConfigurationList;
			buildConfigurations = (
				67EDF46019674C300002806E /* Debug */,
				67EDF46119674C300002806E /* Release */,
			);
			defaultConfigurationIsVisible = 0;
			defaultConfigurationName = Release;
		};
		67EDF46219674C300002806E /* Build configuration list for PBXNativeTarget "Shutdown" */ = {
			isa = XCConfigurationList;
			buildConfigurations = (
				67EDF46319674C300002806E /* Debug */,
				67EDF46419674C300002806E /* Release */,
			);
			defaultConfigurationIsVisible = 0;
		};
		67EDF46519674C300002806E /* Build configuration list for PBXNativeTarget "ShutdownTests" */ = {
			isa = XCConfigurationList;
			buildConfigurations = (
				67EDF46619674C300002806E /* Debug */,
				67EDF46719674C300002806E /* Release */,
			);
			defaultConfigurationIsVisible = 0;
		};
/* End XCConfigurationList section */
	};
	rootObject = 67EDF42919674C2F0002806E /* Project object */;
}
