// !$*UTF8*$!
{
	archiveVersion = 1;
	classes = {
	};
	objectVersion = 46;
	objects = {

/* Begin PBXBuildFile section */
		6758A510195A6AFB00D2B0BE /* Cocoa.framework in Frameworks */ = {isa = PBXBuildFile; fileRef = 67DC64411957777D00D87BB4 /* Cocoa.framework */; };
		6758A516195A6AFB00D2B0BE /* InfoPlist.strings in Resources */ = {isa = PBXBuildFile; fileRef = 6758A514195A6AFB00D2B0BE /* InfoPlist.strings */; };
		6758A518195A6AFB00D2B0BE /* main.m in Sources */ = {isa = PBXBuildFile; fileRef = 6758A517195A6AFB00D2B0BE /* main.m */; };
		6758A51C195A6AFB00D2B0BE /* Credits.rtf in Resources */ = {isa = PBXBuildFile; fileRef = 6758A51A195A6AFB00D2B0BE /* Credits.rtf */; };
		6758A522195A6AFB00D2B0BE /* MainMenu.xib in Resources */ = {isa = PBXBuildFile; fileRef = 6758A520195A6AFB00D2B0BE /* MainMenu.xib */; };
		6758A524195A6AFB00D2B0BE /* Images.xcassets in Resources */ = {isa = PBXBuildFile; fileRef = 6758A523195A6AFB00D2B0BE /* Images.xcassets */; };
		6758A52A195A6AFC00D2B0BE /* XCTest.framework in Frameworks */ = {isa = PBXBuildFile; fileRef = 6700463D1957888800DE3446 /* XCTest.framework */; };
		6758A52B195A6AFC00D2B0BE /* Cocoa.framework in Frameworks */ = {isa = PBXBuildFile; fileRef = 67DC64411957777D00D87BB4 /* Cocoa.framework */; };
		6758A533195A6AFC00D2B0BE /* InfoPlist.strings in Resources */ = {isa = PBXBuildFile; fileRef = 6758A531195A6AFC00D2B0BE /* InfoPlist.strings */; };
		6758A535195A6AFC00D2B0BE /* HelperAppTests.m in Sources */ = {isa = PBXBuildFile; fileRef = 6758A534195A6AFC00D2B0BE /* HelperAppTests.m */; };
		6758A543195A6B9700D2B0BE /* Cocoa.framework in Frameworks */ = {isa = PBXBuildFile; fileRef = 67DC64411957777D00D87BB4 /* Cocoa.framework */; };
		6758A544195A6B9700D2B0BE /* PreferencePanes.framework in Frameworks */ = {isa = PBXBuildFile; fileRef = 67DC64431957777D00D87BB4 /* PreferencePanes.framework */; };
		6758A54A195A6B9700D2B0BE /* InfoPlist.strings in Resources */ = {isa = PBXBuildFile; fileRef = 6758A548195A6B9700D2B0BE /* InfoPlist.strings */; };
		6758A54E195A6B9700D2B0BE /* ShutdownPreferencePane.m in Sources */ = {isa = PBXBuildFile; fileRef = 6758A54D195A6B9700D2B0BE /* ShutdownPreferencePane.m */; };
		6758A550195A6B9700D2B0BE /* ShutdownPreferencePane.tiff in Resources */ = {isa = PBXBuildFile; fileRef = 6758A54F195A6B9700D2B0BE /* ShutdownPreferencePane.tiff */; };
		6758A553195A6B9700D2B0BE /* ShutdownPreferencePane.xib in Resources */ = {isa = PBXBuildFile; fileRef = 6758A551195A6B9700D2B0BE /* ShutdownPreferencePane.xib */; };
		6758A55D195A6CAB00D2B0BE /* HelperApp_AppDelegate.m in Sources */ = {isa = PBXBuildFile; fileRef = 6758A4BD195A6A0F00D2B0BE /* HelperApp_AppDelegate.m */; };
		6758A55F195A6CB100D2B0BE /* HelperAppController.m in Sources */ = {isa = PBXBuildFile; fileRef = 6758A4BF195A6A0F00D2B0BE /* HelperAppController.m */; };
		6758A561195A6CC100D2B0BE /* ShutdownHelperToolExecutor.m in Sources */ = {isa = PBXBuildFile; fileRef = 6758A4CB195A6A0F00D2B0BE /* ShutdownHelperToolExecutor.m */; };
		6758A562195A6F0C00D2B0BE /* AbstractSingletonObject.m in Sources */ = {isa = PBXBuildFile; fileRef = 6758A4BB195A6A0F00D2B0BE /* AbstractSingletonObject.m */; };
		6758A563195A6F8700D2B0BE /* JGConstants.m in Sources */ = {isa = PBXBuildFile; fileRef = 6758A4C1195A6A0F00D2B0BE /* JGConstants.m */; };
/* End PBXBuildFile section */

/* Begin PBXContainerItemProxy section */
		6758A52C195A6AFC00D2B0BE /* PBXContainerItemProxy */ = {
			isa = PBXContainerItemProxy;
			containerPortal = 67DC64341957777D00D87BB4 /* Project object */;
			proxyType = 1;
			remoteGlobalIDString = 6758A50E195A6AFB00D2B0BE;
			remoteInfo = HelperApp;
		};
/* End PBXContainerItemProxy section */

/* Begin PBXFileReference section */
		0EFDB89990FC4ED4BFA78D54 /* Pods-Shutdown.xcconfig */ = {isa = PBXFileReference; includeInIndex = 1; lastKnownFileType = text.xcconfig; name = "Pods-Shutdown.xcconfig"; path = "Pods/Pods-Shutdown.xcconfig"; sourceTree = "<group>"; };
		5600CCDBF36F4B1884460758 /* libPods-Shutdown.a */ = {isa = PBXFileReference; explicitFileType = archive.ar; includeInIndex = 0; path = "libPods-Shutdown.a"; sourceTree = BUILT_PRODUCTS_DIR; };
		6700463D1957888800DE3446 /* XCTest.framework */ = {isa = PBXFileReference; lastKnownFileType = wrapper.framework; name = XCTest.framework; path = Library/Frameworks/XCTest.framework; sourceTree = DEVELOPER_DIR; };
		670046411957888800DE3446 /* Shutdown Tests-Info.plist */ = {isa = PBXFileReference; lastKnownFileType = text.plist.xml; path = "Shutdown Tests-Info.plist"; sourceTree = "<group>"; };
		670046431957888800DE3446 /* en */ = {isa = PBXFileReference; lastKnownFileType = text.plist.strings; name = en; path = en.lproj/InfoPlist.strings; sourceTree = "<group>"; };
		670046471957888800DE3446 /* Shutdown Tests-Prefix.pch */ = {isa = PBXFileReference; lastKnownFileType = sourcecode.c.h; path = "Shutdown Tests-Prefix.pch"; sourceTree = "<group>"; };
		6758A4BA195A6A0F00D2B0BE /* AbstractSingletonObject.h */ = {isa = PBXFileReference; fileEncoding = 4; lastKnownFileType = sourcecode.c.h; name = AbstractSingletonObject.h; path = ../Shutdown/AbstractSingletonObject.h; sourceTree = "<group>"; };
		6758A4BB195A6A0F00D2B0BE /* AbstractSingletonObject.m */ = {isa = PBXFileReference; fileEncoding = 4; lastKnownFileType = sourcecode.c.objc; name = AbstractSingletonObject.m; path = ../Shutdown/AbstractSingletonObject.m; sourceTree = "<group>"; };
		6758A4BC195A6A0F00D2B0BE /* HelperApp_AppDelegate.h */ = {isa = PBXFileReference; fileEncoding = 4; lastKnownFileType = sourcecode.c.h; name = HelperApp_AppDelegate.h; path = ../Shutdown/HelperApp_AppDelegate.h; sourceTree = "<group>"; };
		6758A4BD195A6A0F00D2B0BE /* HelperApp_AppDelegate.m */ = {isa = PBXFileReference; fileEncoding = 4; lastKnownFileType = sourcecode.c.objc; name = HelperApp_AppDelegate.m; path = ../Shutdown/HelperApp_AppDelegate.m; sourceTree = "<group>"; };
		6758A4BE195A6A0F00D2B0BE /* HelperAppController.h */ = {isa = PBXFileReference; fileEncoding = 4; lastKnownFileType = sourcecode.c.h; name = HelperAppController.h; path = ../Shutdown/HelperAppController.h; sourceTree = "<group>"; };
		6758A4BF195A6A0F00D2B0BE /* HelperAppController.m */ = {isa = PBXFileReference; fileEncoding = 4; lastKnownFileType = sourcecode.c.objc; name = HelperAppController.m; path = ../Shutdown/HelperAppController.m; sourceTree = "<group>"; };
		6758A4C1195A6A0F00D2B0BE /* JGConstants.m */ = {isa = PBXFileReference; fileEncoding = 4; lastKnownFileType = sourcecode.c.objc; name = JGConstants.m; path = ../Shutdown/JGConstants.m; sourceTree = "<group>"; };
		6758A4C2195A6A0F00D2B0BE /* JGDefines.h */ = {isa = PBXFileReference; fileEncoding = 4; lastKnownFileType = sourcecode.c.h; name = JGDefines.h; path = ../Shutdown/JGDefines.h; sourceTree = "<group>"; };
		6758A4C3195A6A0F00D2B0BE /* NSDate+JGUtilities.h */ = {isa = PBXFileReference; fileEncoding = 4; lastKnownFileType = sourcecode.c.h; path = "NSDate+JGUtilities.h"; sourceTree = "<group>"; };
		6758A4C4195A6A0F00D2B0BE /* NSDate+JGUtilities.m */ = {isa = PBXFileReference; fileEncoding = 4; lastKnownFileType = sourcecode.c.objc; path = "NSDate+JGUtilities.m"; sourceTree = "<group>"; };
		6758A4C5195A6A0F00D2B0BE /* Shutdown_AppDelegate.h */ = {isa = PBXFileReference; fileEncoding = 4; lastKnownFileType = sourcecode.c.h; path = Shutdown_AppDelegate.h; sourceTree = "<group>"; };
		6758A4C6195A6A0F00D2B0BE /* Shutdown_AppDelegate.m */ = {isa = PBXFileReference; fileEncoding = 4; lastKnownFileType = sourcecode.c.objc; path = Shutdown_AppDelegate.m; sourceTree = "<group>"; };
		6758A4C7195A6A0F00D2B0BE /* Shutdown.h */ = {isa = PBXFileReference; fileEncoding = 4; lastKnownFileType = sourcecode.c.h; path = Shutdown.h; sourceTree = "<group>"; };
		6758A4C8195A6A0F00D2B0BE /* Shutdown.m */ = {isa = PBXFileReference; fileEncoding = 4; lastKnownFileType = sourcecode.c.objc; path = Shutdown.m; sourceTree = "<group>"; };
		6758A4C9195A6A0F00D2B0BE /* Shutdown.tiff */ = {isa = PBXFileReference; lastKnownFileType = image.tiff; path = Shutdown.tiff; sourceTree = "<group>"; };
		6758A4CA195A6A0F00D2B0BE /* ShutdownHelperToolExecutor.h */ = {isa = PBXFileReference; fileEncoding = 4; lastKnownFileType = sourcecode.c.h; name = ShutdownHelperToolExecutor.h; path = ../Shutdown/ShutdownHelperToolExecutor.h; sourceTree = "<group>"; };
		6758A4CB195A6A0F00D2B0BE /* ShutdownHelperToolExecutor.m */ = {isa = PBXFileReference; fileEncoding = 4; lastKnownFileType = sourcecode.c.objc; name = ShutdownHelperToolExecutor.m; path = ../Shutdown/ShutdownHelperToolExecutor.m; sourceTree = "<group>"; };
		6758A4CC195A6A0F00D2B0BE /* ShutdownPref.h */ = {isa = PBXFileReference; fileEncoding = 4; lastKnownFileType = sourcecode.c.h; path = ShutdownPref.h; sourceTree = "<group>"; };
		6758A4CD195A6A0F00D2B0BE /* ShutdownPref.m */ = {isa = PBXFileReference; fileEncoding = 4; lastKnownFileType = sourcecode.c.objc; path = ShutdownPref.m; sourceTree = "<group>"; };
		6758A50A195A6A5600D2B0BE /* Shutdown copy-Info.plist */ = {isa = PBXFileReference; lastKnownFileType = text.plist.xml; name = "Shutdown copy-Info.plist"; path = "/Users/johngallagher/Dropbox/Projects/ProgrammingProjects/CurrentProjects/ShutdownMavericks/Shutdown/Shutdown copy-Info.plist"; sourceTree = "<absolute>"; };
		6758A50F195A6AFB00D2B0BE /* HelperApp.app */ = {isa = PBXFileReference; explicitFileType = wrapper.application; includeInIndex = 0; path = HelperApp.app; sourceTree = BUILT_PRODUCTS_DIR; };
		6758A513195A6AFB00D2B0BE /* HelperApp-Info.plist */ = {isa = PBXFileReference; lastKnownFileType = text.plist.xml; path = "HelperApp-Info.plist"; sourceTree = "<group>"; };
		6758A515195A6AFB00D2B0BE /* en */ = {isa = PBXFileReference; lastKnownFileType = text.plist.strings; name = en; path = en.lproj/InfoPlist.strings; sourceTree = "<group>"; };
		6758A517195A6AFB00D2B0BE /* main.m */ = {isa = PBXFileReference; lastKnownFileType = sourcecode.c.objc; path = main.m; sourceTree = "<group>"; };
		6758A519195A6AFB00D2B0BE /* HelperApp-Prefix.pch */ = {isa = PBXFileReference; lastKnownFileType = sourcecode.c.h; path = "HelperApp-Prefix.pch"; sourceTree = "<group>"; };
		6758A51B195A6AFB00D2B0BE /* en */ = {isa = PBXFileReference; lastKnownFileType = text.rtf; name = en; path = en.lproj/Credits.rtf; sourceTree = "<group>"; };
		6758A521195A6AFB00D2B0BE /* Base */ = {isa = PBXFileReference; lastKnownFileType = file.xib; name = Base; path = Base.lproj/MainMenu.xib; sourceTree = "<group>"; };
		6758A523195A6AFB00D2B0BE /* Images.xcassets */ = {isa = PBXFileReference; lastKnownFileType = folder.assetcatalog; path = Images.xcassets; sourceTree = "<group>"; };
		6758A529195A6AFB00D2B0BE /* HelperAppTests.xctest */ = {isa = PBXFileReference; explicitFileType = wrapper.cfbundle; includeInIndex = 0; path = HelperAppTests.xctest; sourceTree = BUILT_PRODUCTS_DIR; };
		6758A530195A6AFC00D2B0BE /* HelperAppTests-Info.plist */ = {isa = PBXFileReference; lastKnownFileType = text.plist.xml; path = "HelperAppTests-Info.plist"; sourceTree = "<group>"; };
		6758A532195A6AFC00D2B0BE /* en */ = {isa = PBXFileReference; lastKnownFileType = text.plist.strings; name = en; path = en.lproj/InfoPlist.strings; sourceTree = "<group>"; };
		6758A534195A6AFC00D2B0BE /* HelperAppTests.m */ = {isa = PBXFileReference; lastKnownFileType = sourcecode.c.objc; path = HelperAppTests.m; sourceTree = "<group>"; };
		6758A542195A6B9700D2B0BE /* ShutdownPreferencePane.prefPane */ = {isa = PBXFileReference; explicitFileType = wrapper.cfbundle; includeInIndex = 0; path = ShutdownPreferencePane.prefPane; sourceTree = BUILT_PRODUCTS_DIR; };
		6758A547195A6B9700D2B0BE /* ShutdownPreferencePane-Info.plist */ = {isa = PBXFileReference; lastKnownFileType = text.plist.xml; path = "ShutdownPreferencePane-Info.plist"; sourceTree = "<group>"; };
		6758A549195A6B9700D2B0BE /* en */ = {isa = PBXFileReference; lastKnownFileType = text.plist.strings; name = en; path = en.lproj/InfoPlist.strings; sourceTree = "<group>"; };
		6758A54B195A6B9700D2B0BE /* ShutdownPreferencePane-Prefix.pch */ = {isa = PBXFileReference; lastKnownFileType = sourcecode.c.h; path = "ShutdownPreferencePane-Prefix.pch"; sourceTree = "<group>"; };
		6758A54C195A6B9700D2B0BE /* ShutdownPreferencePane.h */ = {isa = PBXFileReference; lastKnownFileType = sourcecode.c.h; path = ShutdownPreferencePane.h; sourceTree = "<group>"; };
		6758A54D195A6B9700D2B0BE /* ShutdownPreferencePane.m */ = {isa = PBXFileReference; lastKnownFileType = sourcecode.c.objc; path = ShutdownPreferencePane.m; sourceTree = "<group>"; };
		6758A54F195A6B9700D2B0BE /* ShutdownPreferencePane.tiff */ = {isa = PBXFileReference; lastKnownFileType = image.tiff; path = ShutdownPreferencePane.tiff; sourceTree = "<group>"; };
		6758A552195A6B9700D2B0BE /* Base */ = {isa = PBXFileReference; lastKnownFileType = file.xib; name = Base; path = Base.lproj/ShutdownPreferencePane.xib; sourceTree = "<group>"; };
		6758A566195A70B600D2B0BE /* JGConstants.h */ = {isa = PBXFileReference; fileEncoding = 4; lastKnownFileType = sourcecode.c.h; name = JGConstants.h; path = Shutdown/JGConstants.h; sourceTree = SOURCE_ROOT; };
		67DC64411957777D00D87BB4 /* Cocoa.framework */ = {isa = PBXFileReference; lastKnownFileType = wrapper.framework; name = Cocoa.framework; path = System/Library/Frameworks/Cocoa.framework; sourceTree = SDKROOT; };
		67DC64431957777D00D87BB4 /* PreferencePanes.framework */ = {isa = PBXFileReference; lastKnownFileType = wrapper.framework; name = PreferencePanes.framework; path = System/Library/Frameworks/PreferencePanes.framework; sourceTree = SDKROOT; };
		67DC64461957777D00D87BB4 /* AppKit.framework */ = {isa = PBXFileReference; lastKnownFileType = wrapper.framework; name = AppKit.framework; path = System/Library/Frameworks/AppKit.framework; sourceTree = SDKROOT; };
		67DC64471957777D00D87BB4 /* CoreData.framework */ = {isa = PBXFileReference; lastKnownFileType = wrapper.framework; name = CoreData.framework; path = System/Library/Frameworks/CoreData.framework; sourceTree = SDKROOT; };
		67DC64481957777D00D87BB4 /* Foundation.framework */ = {isa = PBXFileReference; lastKnownFileType = wrapper.framework; name = Foundation.framework; path = System/Library/Frameworks/Foundation.framework; sourceTree = SDKROOT; };
		67DC644B1957777D00D87BB4 /* Shutdown-Info.plist */ = {isa = PBXFileReference; lastKnownFileType = text.plist.xml; path = "Shutdown-Info.plist"; sourceTree = "<group>"; };
		67DC644D1957777D00D87BB4 /* en */ = {isa = PBXFileReference; lastKnownFileType = text.plist.strings; name = en; path = en.lproj/InfoPlist.strings; sourceTree = "<group>"; };
		67DC644F1957777D00D87BB4 /* Shutdown-Prefix.pch */ = {isa = PBXFileReference; lastKnownFileType = sourcecode.c.h; path = "Shutdown-Prefix.pch"; sourceTree = "<group>"; };
		67DC64501957777D00D87BB4 /* Shutdown.h */ = {isa = PBXFileReference; lastKnownFileType = sourcecode.c.h; path = Shutdown.h; sourceTree = "<group>"; };
		67DC64511957777D00D87BB4 /* Shutdown.m */ = {isa = PBXFileReference; lastKnownFileType = sourcecode.c.objc; path = Shutdown.m; sourceTree = "<group>"; };
		67DC64531957777D00D87BB4 /* Shutdown.tiff */ = {isa = PBXFileReference; lastKnownFileType = image.tiff; path = Shutdown.tiff; sourceTree = "<group>"; };
		67DC64561957777D00D87BB4 /* Base */ = {isa = PBXFileReference; lastKnownFileType = file.xib; name = Base; path = Base.lproj/Shutdown.xib; sourceTree = "<group>"; };
		751EE0E37A3048EAAE500C11 /* libPods-Shutdown Tests.a */ = {isa = PBXFileReference; explicitFileType = archive.ar; includeInIndex = 0; path = "libPods-Shutdown Tests.a"; sourceTree = BUILT_PRODUCTS_DIR; };
		FF0F96567B6A447EB89EA35F /* Pods-Shutdown Tests.xcconfig */ = {isa = PBXFileReference; includeInIndex = 1; lastKnownFileType = text.xcconfig; name = "Pods-Shutdown Tests.xcconfig"; path = "Pods/Pods-Shutdown Tests.xcconfig"; sourceTree = "<group>"; };
/* End PBXFileReference section */

/* Begin PBXFrameworksBuildPhase section */
		6758A50C195A6AFB00D2B0BE /* Frameworks */ = {
			isa = PBXFrameworksBuildPhase;
			buildActionMask = 2147483647;
			files = (
				6758A510195A6AFB00D2B0BE /* Cocoa.framework in Frameworks */,
			);
			runOnlyForDeploymentPostprocessing = 0;
		};
		6758A526195A6AFB00D2B0BE /* Frameworks */ = {
			isa = PBXFrameworksBuildPhase;
			buildActionMask = 2147483647;
			files = (
				6758A52B195A6AFC00D2B0BE /* Cocoa.framework in Frameworks */,
				6758A52A195A6AFC00D2B0BE /* XCTest.framework in Frameworks */,
			);
			runOnlyForDeploymentPostprocessing = 0;
		};
		6758A53D195A6B9700D2B0BE /* Frameworks */ = {
			isa = PBXFrameworksBuildPhase;
			buildActionMask = 2147483647;
			files = (
				6758A543195A6B9700D2B0BE /* Cocoa.framework in Frameworks */,
				6758A544195A6B9700D2B0BE /* PreferencePanes.framework in Frameworks */,
			);
			runOnlyForDeploymentPostprocessing = 0;
		};
/* End PBXFrameworksBuildPhase section */

/* Begin PBXGroup section */
		6700463F1957888800DE3446 /* Shutdown Tests */ = {
			isa = PBXGroup;
			children = (
				670046401957888800DE3446 /* Supporting Files */,
			);
			path = "Shutdown Tests";
			sourceTree = "<group>";
		};
		670046401957888800DE3446 /* Supporting Files */ = {
			isa = PBXGroup;
			children = (
				670046411957888800DE3446 /* Shutdown Tests-Info.plist */,
				670046421957888800DE3446 /* InfoPlist.strings */,
				670046471957888800DE3446 /* Shutdown Tests-Prefix.pch */,
			);
			name = "Supporting Files";
			sourceTree = "<group>";
		};
		6758A511195A6AFB00D2B0BE /* HelperApp */ = {
			isa = PBXGroup;
			children = (
				6758A4CA195A6A0F00D2B0BE /* ShutdownHelperToolExecutor.h */,
				6758A4CB195A6A0F00D2B0BE /* ShutdownHelperToolExecutor.m */,
				6758A4BC195A6A0F00D2B0BE /* HelperApp_AppDelegate.h */,
				6758A4BD195A6A0F00D2B0BE /* HelperApp_AppDelegate.m */,
				6758A4BE195A6A0F00D2B0BE /* HelperAppController.h */,
				6758A4BF195A6A0F00D2B0BE /* HelperAppController.m */,
				6758A520195A6AFB00D2B0BE /* MainMenu.xib */,
				6758A523195A6AFB00D2B0BE /* Images.xcassets */,
				6758A512195A6AFB00D2B0BE /* Supporting Files */,
			);
			path = HelperApp;
			sourceTree = "<group>";
		};
		6758A512195A6AFB00D2B0BE /* Supporting Files */ = {
			isa = PBXGroup;
			children = (
				6758A513195A6AFB00D2B0BE /* HelperApp-Info.plist */,
				6758A514195A6AFB00D2B0BE /* InfoPlist.strings */,
				6758A517195A6AFB00D2B0BE /* main.m */,
				6758A519195A6AFB00D2B0BE /* HelperApp-Prefix.pch */,
				6758A51A195A6AFB00D2B0BE /* Credits.rtf */,
			);
			name = "Supporting Files";
			sourceTree = "<group>";
		};
		6758A52E195A6AFC00D2B0BE /* HelperAppTests */ = {
			isa = PBXGroup;
			children = (
				6758A534195A6AFC00D2B0BE /* HelperAppTests.m */,
				6758A52F195A6AFC00D2B0BE /* Supporting Files */,
			);
			path = HelperAppTests;
			sourceTree = "<group>";
		};
		6758A52F195A6AFC00D2B0BE /* Supporting Files */ = {
			isa = PBXGroup;
			children = (
				6758A530195A6AFC00D2B0BE /* HelperAppTests-Info.plist */,
				6758A531195A6AFC00D2B0BE /* InfoPlist.strings */,
			);
			name = "Supporting Files";
			sourceTree = "<group>";
		};
		6758A545195A6B9700D2B0BE /* ShutdownPreferencePane */ = {
			isa = PBXGroup;
			children = (
				6758A54C195A6B9700D2B0BE /* ShutdownPreferencePane.h */,
				6758A54D195A6B9700D2B0BE /* ShutdownPreferencePane.m */,
				6758A54F195A6B9700D2B0BE /* ShutdownPreferencePane.tiff */,
				6758A551195A6B9700D2B0BE /* ShutdownPreferencePane.xib */,
				6758A546195A6B9700D2B0BE /* Supporting Files */,
			);
			path = ShutdownPreferencePane;
			sourceTree = "<group>";
		};
		6758A546195A6B9700D2B0BE /* Supporting Files */ = {
			isa = PBXGroup;
			children = (
				6758A547195A6B9700D2B0BE /* ShutdownPreferencePane-Info.plist */,
				6758A548195A6B9700D2B0BE /* InfoPlist.strings */,
				6758A54B195A6B9700D2B0BE /* ShutdownPreferencePane-Prefix.pch */,
			);
			name = "Supporting Files";
			sourceTree = "<group>";
		};
		6758A565195A6FDE00D2B0BE /* Shared */ = {
			isa = PBXGroup;
			children = (
				6758A566195A70B600D2B0BE /* JGConstants.h */,
				6758A4C1195A6A0F00D2B0BE /* JGConstants.m */,
				6758A4C2195A6A0F00D2B0BE /* JGDefines.h */,
				6758A4BA195A6A0F00D2B0BE /* AbstractSingletonObject.h */,
				6758A4BB195A6A0F00D2B0BE /* AbstractSingletonObject.m */,
			);
			path = Shared;
			sourceTree = "<group>";
		};
		67DC64331957777D00D87BB4 = {
			isa = PBXGroup;
			children = (
				6758A565195A6FDE00D2B0BE /* Shared */,
				67DC64491957777D00D87BB4 /* Shutdown */,
				6700463F1957888800DE3446 /* Shutdown Tests */,
				6758A511195A6AFB00D2B0BE /* HelperApp */,
				6758A52E195A6AFC00D2B0BE /* HelperAppTests */,
				6758A545195A6B9700D2B0BE /* ShutdownPreferencePane */,
				67DC64401957777D00D87BB4 /* Frameworks */,
				67DC643F1957777D00D87BB4 /* Products */,
				0EFDB89990FC4ED4BFA78D54 /* Pods-Shutdown.xcconfig */,
				FF0F96567B6A447EB89EA35F /* Pods-Shutdown Tests.xcconfig */,
				6758A50A195A6A5600D2B0BE /* Shutdown copy-Info.plist */,
			);
			sourceTree = "<group>";
		};
		67DC643F1957777D00D87BB4 /* Products */ = {
			isa = PBXGroup;
			children = (
				6758A50F195A6AFB00D2B0BE /* HelperApp.app */,
				6758A529195A6AFB00D2B0BE /* HelperAppTests.xctest */,
				6758A542195A6B9700D2B0BE /* ShutdownPreferencePane.prefPane */,
			);
			name = Products;
			sourceTree = "<group>";
		};
		67DC64401957777D00D87BB4 /* Frameworks */ = {
			isa = PBXGroup;
			children = (
				67DC64411957777D00D87BB4 /* Cocoa.framework */,
				67DC64431957777D00D87BB4 /* PreferencePanes.framework */,
				6700463D1957888800DE3446 /* XCTest.framework */,
				67DC64451957777D00D87BB4 /* Other Frameworks */,
				5600CCDBF36F4B1884460758 /* libPods-Shutdown.a */,
				751EE0E37A3048EAAE500C11 /* libPods-Shutdown Tests.a */,
			);
			name = Frameworks;
			sourceTree = "<group>";
		};
		67DC64451957777D00D87BB4 /* Other Frameworks */ = {
			isa = PBXGroup;
			children = (
				67DC64461957777D00D87BB4 /* AppKit.framework */,
				67DC64471957777D00D87BB4 /* CoreData.framework */,
				67DC64481957777D00D87BB4 /* Foundation.framework */,
			);
			name = "Other Frameworks";
			sourceTree = "<group>";
		};
		67DC64491957777D00D87BB4 /* Shutdown */ = {
			isa = PBXGroup;
			children = (
				6758A4C3195A6A0F00D2B0BE /* NSDate+JGUtilities.h */,
				6758A4C4195A6A0F00D2B0BE /* NSDate+JGUtilities.m */,
				6758A4C5195A6A0F00D2B0BE /* Shutdown_AppDelegate.h */,
				6758A4C6195A6A0F00D2B0BE /* Shutdown_AppDelegate.m */,
				6758A4C7195A6A0F00D2B0BE /* Shutdown.h */,
				6758A4C8195A6A0F00D2B0BE /* Shutdown.m */,
				6758A4C9195A6A0F00D2B0BE /* Shutdown.tiff */,
				6758A4CC195A6A0F00D2B0BE /* ShutdownPref.h */,
				6758A4CD195A6A0F00D2B0BE /* ShutdownPref.m */,
				67DC64501957777D00D87BB4 /* Shutdown.h */,
				67DC64511957777D00D87BB4 /* Shutdown.m */,
				67DC64531957777D00D87BB4 /* Shutdown.tiff */,
				67DC64551957777D00D87BB4 /* Shutdown.xib */,
				67DC644A1957777D00D87BB4 /* Supporting Files */,
			);
			path = Shutdown;
			sourceTree = "<group>";
		};
		67DC644A1957777D00D87BB4 /* Supporting Files */ = {
			isa = PBXGroup;
			children = (
				67DC644B1957777D00D87BB4 /* Shutdown-Info.plist */,
				67DC644C1957777D00D87BB4 /* InfoPlist.strings */,
				67DC644F1957777D00D87BB4 /* Shutdown-Prefix.pch */,
			);
			name = "Supporting Files";
			sourceTree = "<group>";
		};
/* End PBXGroup section */

/* Begin PBXHeadersBuildPhase section */
		6758A53E195A6B9700D2B0BE /* Headers */ = {
			isa = PBXHeadersBuildPhase;
			buildActionMask = 2147483647;
			files = (
			);
			runOnlyForDeploymentPostprocessing = 0;
		};
/* End PBXHeadersBuildPhase section */

/* Begin PBXNativeTarget section */
		6758A50E195A6AFB00D2B0BE /* HelperApp */ = {
			isa = PBXNativeTarget;
			buildConfigurationList = 6758A536195A6AFC00D2B0BE /* Build configuration list for PBXNativeTarget "HelperApp" */;
			buildPhases = (
				6758A50B195A6AFB00D2B0BE /* Sources */,
				6758A50C195A6AFB00D2B0BE /* Frameworks */,
				6758A50D195A6AFB00D2B0BE /* Resources */,
			);
			buildRules = (
			);
			dependencies = (
			);
			name = HelperApp;
			productName = HelperApp;
			productReference = 6758A50F195A6AFB00D2B0BE /* HelperApp.app */;
			productType = "com.apple.product-type.application";
		};
		6758A528195A6AFB00D2B0BE /* HelperAppTests */ = {
			isa = PBXNativeTarget;
			buildConfigurationList = 6758A539195A6AFC00D2B0BE /* Build configuration list for PBXNativeTarget "HelperAppTests" */;
			buildPhases = (
				6758A525195A6AFB00D2B0BE /* Sources */,
				6758A526195A6AFB00D2B0BE /* Frameworks */,
				6758A527195A6AFB00D2B0BE /* Resources */,
			);
			buildRules = (
			);
			dependencies = (
				6758A52D195A6AFC00D2B0BE /* PBXTargetDependency */,
			);
			name = HelperAppTests;
			productName = HelperAppTests;
			productReference = 6758A529195A6AFB00D2B0BE /* HelperAppTests.xctest */;
			productType = "com.apple.product-type.bundle.unit-test";
		};
		6758A541195A6B9700D2B0BE /* ShutdownPreferencePane */ = {
			isa = PBXNativeTarget;
			buildConfigurationList = 6758A554195A6B9700D2B0BE /* Build configuration list for PBXNativeTarget "ShutdownPreferencePane" */;
			buildPhases = (
				6758A53C195A6B9700D2B0BE /* Sources */,
				6758A53D195A6B9700D2B0BE /* Frameworks */,
				6758A53E195A6B9700D2B0BE /* Headers */,
				6758A53F195A6B9700D2B0BE /* Resources */,
				6758A540195A6B9700D2B0BE /* Rez */,
			);
			buildRules = (
			);
			dependencies = (
			);
			name = ShutdownPreferencePane;
			productName = ShutdownPreferencePane;
			productReference = 6758A542195A6B9700D2B0BE /* ShutdownPreferencePane.prefPane */;
			productType = "com.apple.product-type.bundle";
		};
/* End PBXNativeTarget section */

/* Begin PBXProject section */
		67DC64341957777D00D87BB4 /* Project object */ = {
			isa = PBXProject;
			attributes = {
				CLASSPREFIX = JG;
				LastUpgradeCheck = 0510;
				ORGANIZATIONNAME = "Synaptic Mishap";
				TargetAttributes = {
					6758A528195A6AFB00D2B0BE = {
						TestTargetID = 6758A50E195A6AFB00D2B0BE;
					};
				};
			};
			buildConfigurationList = 67DC64371957777D00D87BB4 /* Build configuration list for PBXProject "Shutdown" */;
			compatibilityVersion = "Xcode 3.2";
			developmentRegion = English;
			hasScannedForEncodings = 0;
			knownRegions = (
				en,
				Base,
			);
			mainGroup = 67DC64331957777D00D87BB4;
			productRefGroup = 67DC643F1957777D00D87BB4 /* Products */;
			projectDirPath = "";
			projectRoot = "";
			targets = (
				6758A541195A6B9700D2B0BE /* ShutdownPreferencePane */,
				6758A50E195A6AFB00D2B0BE /* HelperApp */,
				6758A528195A6AFB00D2B0BE /* HelperAppTests */,
			);
		};
/* End PBXProject section */

/* Begin PBXResourcesBuildPhase section */
		6758A50D195A6AFB00D2B0BE /* Resources */ = {
			isa = PBXResourcesBuildPhase;
			buildActionMask = 2147483647;
			files = (
				6758A516195A6AFB00D2B0BE /* InfoPlist.strings in Resources */,
				6758A524195A6AFB00D2B0BE /* Images.xcassets in Resources */,
				6758A51C195A6AFB00D2B0BE /* Credits.rtf in Resources */,
				6758A522195A6AFB00D2B0BE /* MainMenu.xib in Resources */,
			);
			runOnlyForDeploymentPostprocessing = 0;
		};
		6758A527195A6AFB00D2B0BE /* Resources */ = {
			isa = PBXResourcesBuildPhase;
			buildActionMask = 2147483647;
			files = (
				6758A533195A6AFC00D2B0BE /* InfoPlist.strings in Resources */,
			);
			runOnlyForDeploymentPostprocessing = 0;
		};
		6758A53F195A6B9700D2B0BE /* Resources */ = {
			isa = PBXResourcesBuildPhase;
			buildActionMask = 2147483647;
			files = (
				6758A54A195A6B9700D2B0BE /* InfoPlist.strings in Resources */,
				6758A553195A6B9700D2B0BE /* ShutdownPreferencePane.xib in Resources */,
				6758A550195A6B9700D2B0BE /* ShutdownPreferencePane.tiff in Resources */,
			);
			runOnlyForDeploymentPostprocessing = 0;
		};
/* End PBXResourcesBuildPhase section */

/* Begin PBXRezBuildPhase section */
		6758A540195A6B9700D2B0BE /* Rez */ = {
			isa = PBXRezBuildPhase;
			buildActionMask = 2147483647;
			files = (
			);
			runOnlyForDeploymentPostprocessing = 0;
		};
/* End PBXRezBuildPhase section */

/* Begin PBXSourcesBuildPhase section */
		6758A50B195A6AFB00D2B0BE /* Sources */ = {
			isa = PBXSourcesBuildPhase;
			buildActionMask = 2147483647;
			files = (
				6758A518195A6AFB00D2B0BE /* main.m in Sources */,
				6758A562195A6F0C00D2B0BE /* AbstractSingletonObject.m in Sources */,
				6758A563195A6F8700D2B0BE /* JGConstants.m in Sources */,
				6758A55D195A6CAB00D2B0BE /* HelperApp_AppDelegate.m in Sources */,
				6758A55F195A6CB100D2B0BE /* HelperAppController.m in Sources */,
				6758A561195A6CC100D2B0BE /* ShutdownHelperToolExecutor.m in Sources */,
			);
			runOnlyForDeploymentPostprocessing = 0;
		};
		6758A525195A6AFB00D2B0BE /* Sources */ = {
			isa = PBXSourcesBuildPhase;
			buildActionMask = 2147483647;
			files = (
				6758A535195A6AFC00D2B0BE /* HelperAppTests.m in Sources */,
			);
			runOnlyForDeploymentPostprocessing = 0;
		};
		6758A53C195A6B9700D2B0BE /* Sources */ = {
			isa = PBXSourcesBuildPhase;
			buildActionMask = 2147483647;
			files = (
				6758A54E195A6B9700D2B0BE /* ShutdownPreferencePane.m in Sources */,
			);
			runOnlyForDeploymentPostprocessing = 0;
		};
/* End PBXSourcesBuildPhase section */

/* Begin PBXTargetDependency section */
		6758A52D195A6AFC00D2B0BE /* PBXTargetDependency */ = {
			isa = PBXTargetDependency;
			target = 6758A50E195A6AFB00D2B0BE /* HelperApp */;
			targetProxy = 6758A52C195A6AFC00D2B0BE /* PBXContainerItemProxy */;
		};
/* End PBXTargetDependency section */

/* Begin PBXVariantGroup section */
		670046421957888800DE3446 /* InfoPlist.strings */ = {
			isa = PBXVariantGroup;
			children = (
				670046431957888800DE3446 /* en */,
			);
			name = InfoPlist.strings;
			sourceTree = "<group>";
		};
		6758A514195A6AFB00D2B0BE /* InfoPlist.strings */ = {
			isa = PBXVariantGroup;
			children = (
				6758A515195A6AFB00D2B0BE /* en */,
			);
			name = InfoPlist.strings;
			sourceTree = "<group>";
		};
		6758A51A195A6AFB00D2B0BE /* Credits.rtf */ = {
			isa = PBXVariantGroup;
			children = (
				6758A51B195A6AFB00D2B0BE /* en */,
			);
			name = Credits.rtf;
			sourceTree = "<group>";
		};
		6758A520195A6AFB00D2B0BE /* MainMenu.xib */ = {
			isa = PBXVariantGroup;
			children = (
				6758A521195A6AFB00D2B0BE /* Base */,
			);
			name = MainMenu.xib;
			sourceTree = "<group>";
		};
		6758A531195A6AFC00D2B0BE /* InfoPlist.strings */ = {
			isa = PBXVariantGroup;
			children = (
				6758A532195A6AFC00D2B0BE /* en */,
			);
			name = InfoPlist.strings;
			sourceTree = "<group>";
		};
		6758A548195A6B9700D2B0BE /* InfoPlist.strings */ = {
			isa = PBXVariantGroup;
			children = (
				6758A549195A6B9700D2B0BE /* en */,
			);
			name = InfoPlist.strings;
			sourceTree = "<group>";
		};
		6758A551195A6B9700D2B0BE /* ShutdownPreferencePane.xib */ = {
			isa = PBXVariantGroup;
			children = (
				6758A552195A6B9700D2B0BE /* Base */,
			);
			name = ShutdownPreferencePane.xib;
			sourceTree = "<group>";
		};
		67DC644C1957777D00D87BB4 /* InfoPlist.strings */ = {
			isa = PBXVariantGroup;
			children = (
				67DC644D1957777D00D87BB4 /* en */,
			);
			name = InfoPlist.strings;
			sourceTree = "<group>";
		};
		67DC64551957777D00D87BB4 /* Shutdown.xib */ = {
			isa = PBXVariantGroup;
			children = (
				67DC64561957777D00D87BB4 /* Base */,
			);
			name = Shutdown.xib;
			sourceTree = "<group>";
		};
/* End PBXVariantGroup section */

/* Begin XCBuildConfiguration section */
		6758A537195A6AFC00D2B0BE /* Debug */ = {
			isa = XCBuildConfiguration;
			buildSettings = {
				ASSETCATALOG_COMPILER_APPICON_NAME = AppIcon;
				COMBINE_HIDPI_IMAGES = YES;
				GCC_PRECOMPILE_PREFIX_HEADER = YES;
				GCC_PREFIX_HEADER = "HelperApp/HelperApp-Prefix.pch";
				INFOPLIST_FILE = "HelperApp/HelperApp-Info.plist";
				PRODUCT_NAME = "$(TARGET_NAME)";
				WRAPPER_EXTENSION = app;
			};
			name = Debug;
		};
		6758A538195A6AFC00D2B0BE /* Release */ = {
			isa = XCBuildConfiguration;
			buildSettings = {
				ASSETCATALOG_COMPILER_APPICON_NAME = AppIcon;
				COMBINE_HIDPI_IMAGES = YES;
				GCC_PRECOMPILE_PREFIX_HEADER = YES;
				GCC_PREFIX_HEADER = "HelperApp/HelperApp-Prefix.pch";
				INFOPLIST_FILE = "HelperApp/HelperApp-Info.plist";
				PRODUCT_NAME = "$(TARGET_NAME)";
				WRAPPER_EXTENSION = app;
			};
			name = Release;
		};
		6758A53A195A6AFC00D2B0BE /* Debug */ = {
			isa = XCBuildConfiguration;
			buildSettings = {
				BUNDLE_LOADER = "$(BUILT_PRODUCTS_DIR)/HelperApp.app/Contents/MacOS/HelperApp";
				COMBINE_HIDPI_IMAGES = YES;
				FRAMEWORK_SEARCH_PATHS = (
					"$(DEVELOPER_FRAMEWORKS_DIR)",
					"$(inherited)",
				);
				GCC_PRECOMPILE_PREFIX_HEADER = YES;
				GCC_PREFIX_HEADER = "HelperApp/HelperApp-Prefix.pch";
				INFOPLIST_FILE = "HelperAppTests/HelperAppTests-Info.plist";
				PRODUCT_NAME = "$(TARGET_NAME)";
				TEST_HOST = "$(BUNDLE_LOADER)";
				WRAPPER_EXTENSION = xctest;
			};
			name = Debug;
		};
		6758A53B195A6AFC00D2B0BE /* Release */ = {
			isa = XCBuildConfiguration;
			buildSettings = {
				BUNDLE_LOADER = "$(BUILT_PRODUCTS_DIR)/HelperApp.app/Contents/MacOS/HelperApp";
				COMBINE_HIDPI_IMAGES = YES;
				FRAMEWORK_SEARCH_PATHS = (
					"$(DEVELOPER_FRAMEWORKS_DIR)",
					"$(inherited)",
				);
				GCC_PRECOMPILE_PREFIX_HEADER = YES;
				GCC_PREFIX_HEADER = "HelperApp/HelperApp-Prefix.pch";
				INFOPLIST_FILE = "HelperAppTests/HelperAppTests-Info.plist";
				PRODUCT_NAME = "$(TARGET_NAME)";
				TEST_HOST = "$(BUNDLE_LOADER)";
				WRAPPER_EXTENSION = xctest;
			};
			name = Release;
		};
		6758A555195A6B9700D2B0BE /* Debug */ = {
			isa = XCBuildConfiguration;
			buildSettings = {
				COMBINE_HIDPI_IMAGES = YES;
				GCC_PRECOMPILE_PREFIX_HEADER = YES;
				GCC_PREFIX_HEADER = "ShutdownPreferencePane/ShutdownPreferencePane-Prefix.pch";
				INFOPLIST_FILE = "ShutdownPreferencePane/ShutdownPreferencePane-Info.plist";
				INSTALL_PATH = "$(HOME)/Library/PreferencePanes";
				PRODUCT_NAME = "$(TARGET_NAME)";
				WRAPPER_EXTENSION = prefPane;
			};
			name = Debug;
		};
		6758A556195A6B9700D2B0BE /* Release */ = {
			isa = XCBuildConfiguration;
			buildSettings = {
				COMBINE_HIDPI_IMAGES = YES;
				GCC_PRECOMPILE_PREFIX_HEADER = YES;
				GCC_PREFIX_HEADER = "ShutdownPreferencePane/ShutdownPreferencePane-Prefix.pch";
				INFOPLIST_FILE = "ShutdownPreferencePane/ShutdownPreferencePane-Info.plist";
				INSTALL_PATH = "$(HOME)/Library/PreferencePanes";
				PRODUCT_NAME = "$(TARGET_NAME)";
				WRAPPER_EXTENSION = prefPane;
			};
			name = Release;
		};
		67DC64581957777D00D87BB4 /* Debug */ = {
			isa = XCBuildConfiguration;
			buildSettings = {
				ALWAYS_SEARCH_USER_PATHS = NO;
				CLANG_CXX_LANGUAGE_STANDARD = "gnu++0x";
				CLANG_CXX_LIBRARY = "libc++";
				CLANG_ENABLE_MODULES = YES;
				CLANG_ENABLE_OBJC_ARC = YES;
				CLANG_WARN_BOOL_CONVERSION = YES;
				CLANG_WARN_CONSTANT_CONVERSION = YES;
				CLANG_WARN_DIRECT_OBJC_ISA_USAGE = YES_ERROR;
				CLANG_WARN_EMPTY_BODY = YES;
				CLANG_WARN_ENUM_CONVERSION = YES;
				CLANG_WARN_INT_CONVERSION = YES;
				CLANG_WARN_OBJC_ROOT_CLASS = YES_ERROR;
				CLANG_WARN__DUPLICATE_METHOD_MATCH = YES;
				COPY_PHASE_STRIP = NO;
				GCC_C_LANGUAGE_STANDARD = gnu99;
				GCC_DYNAMIC_NO_PIC = NO;
				GCC_ENABLE_OBJC_EXCEPTIONS = YES;
				GCC_OPTIMIZATION_LEVEL = 0;
				GCC_PREPROCESSOR_DEFINITIONS = (
					"DEBUG=1",
					"$(inherited)",
				);
				GCC_SYMBOLS_PRIVATE_EXTERN = NO;
				GCC_WARN_64_TO_32_BIT_CONVERSION = YES;
				GCC_WARN_ABOUT_RETURN_TYPE = YES_ERROR;
				GCC_WARN_UNDECLARED_SELECTOR = YES;
				GCC_WARN_UNINITIALIZED_AUTOS = YES_AGGRESSIVE;
				GCC_WARN_UNUSED_FUNCTION = YES;
				GCC_WARN_UNUSED_VARIABLE = YES;
				MACOSX_DEPLOYMENT_TARGET = 10.8;
				ONLY_ACTIVE_ARCH = YES;
				SDKROOT = macosx10.8;
			};
			name = Debug;
		};
		67DC64591957777D00D87BB4 /* Release */ = {
			isa = XCBuildConfiguration;
			buildSettings = {
				ALWAYS_SEARCH_USER_PATHS = NO;
				CLANG_CXX_LANGUAGE_STANDARD = "gnu++0x";
				CLANG_CXX_LIBRARY = "libc++";
				CLANG_ENABLE_MODULES = YES;
				CLANG_ENABLE_OBJC_ARC = YES;
				CLANG_WARN_BOOL_CONVERSION = YES;
				CLANG_WARN_CONSTANT_CONVERSION = YES;
				CLANG_WARN_DIRECT_OBJC_ISA_USAGE = YES_ERROR;
				CLANG_WARN_EMPTY_BODY = YES;
				CLANG_WARN_ENUM_CONVERSION = YES;
				CLANG_WARN_INT_CONVERSION = YES;
				CLANG_WARN_OBJC_ROOT_CLASS = YES_ERROR;
				CLANG_WARN__DUPLICATE_METHOD_MATCH = YES;
				COPY_PHASE_STRIP = YES;
				DEBUG_INFORMATION_FORMAT = "dwarf-with-dsym";
				ENABLE_NS_ASSERTIONS = NO;
				GCC_C_LANGUAGE_STANDARD = gnu99;
				GCC_ENABLE_OBJC_EXCEPTIONS = YES;
				GCC_WARN_64_TO_32_BIT_CONVERSION = YES;
				GCC_WARN_ABOUT_RETURN_TYPE = YES_ERROR;
				GCC_WARN_UNDECLARED_SELECTOR = YES;
				GCC_WARN_UNINITIALIZED_AUTOS = YES_AGGRESSIVE;
				GCC_WARN_UNUSED_FUNCTION = YES;
				GCC_WARN_UNUSED_VARIABLE = YES;
				MACOSX_DEPLOYMENT_TARGET = 10.8;
				SDKROOT = macosx10.8;
			};
			name = Release;
		};
/* End XCBuildConfiguration section */

/* Begin XCConfigurationList section */
		6758A536195A6AFC00D2B0BE /* Build configuration list for PBXNativeTarget "HelperApp" */ = {
			isa = XCConfigurationList;
			buildConfigurations = (
				6758A537195A6AFC00D2B0BE /* Debug */,
				6758A538195A6AFC00D2B0BE /* Release */,
			);
			defaultConfigurationIsVisible = 0;
		};
		6758A539195A6AFC00D2B0BE /* Build configuration list for PBXNativeTarget "HelperAppTests" */ = {
			isa = XCConfigurationList;
			buildConfigurations = (
				6758A53A195A6AFC00D2B0BE /* Debug */,
				6758A53B195A6AFC00D2B0BE /* Release */,
			);
			defaultConfigurationIsVisible = 0;
		};
		6758A554195A6B9700D2B0BE /* Build configuration list for PBXNativeTarget "ShutdownPreferencePane" */ = {
			isa = XCConfigurationList;
			buildConfigurations = (
				6758A555195A6B9700D2B0BE /* Debug */,
				6758A556195A6B9700D2B0BE /* Release */,
			);
			defaultConfigurationIsVisible = 0;
		};
		67DC64371957777D00D87BB4 /* Build configuration list for PBXProject "Shutdown" */ = {
			isa = XCConfigurationList;
			buildConfigurations = (
				67DC64581957777D00D87BB4 /* Debug */,
				67DC64591957777D00D87BB4 /* Release */,
			);
			defaultConfigurationIsVisible = 0;
			defaultConfigurationName = Release;
		};
/* End XCConfigurationList section */
	};
	rootObject = 67DC64341957777D00D87BB4 /* Project object */;
}
